
Microsoft Visual Studio Solution File, Format Version 12.00
# Visual Studio Version 17
VisualStudioVersion = 17.2.32630.192
MinimumVisualStudioVersion = 10.0.40219.1
Project("{9A19103F-16F7-4668-BE54-9A1E7A4F7556}") = "TN.Example", "TN.Example\TN.Example.csproj", "{EE6B22C3-D0D9-4BF4-A804-BAE84239E49B}"
EndProject
Project("{9A19103F-16F7-4668-BE54-9A1E7A4F7556}") = "TN.EventBus", "TN.EventBus\TN.EventBus.csproj", "{4362A73B-CE27-4D9C-B2C3-86B3A70FB7D4}"
EndProject
Project("{9A19103F-16F7-4668-BE54-9A1E7A4F7556}") = "TN.EventBus.RabbitMQ", "TN.EventBus.RabbitMQ\TN.EventBus.RabbitMQ.csproj", "{015612B0-3075-4A1C-9882-78056AF84DD6}"
EndProject
Project("{9A19103F-16F7-4668-BE54-9A1E7A4F7556}") = "TN", "TN\TN.csproj", "{40E3E56E-0F6D-4B7F-B02A-573C2E24F16E}"
EndProject
Project("{9A19103F-16F7-4668-BE54-9A1E7A4F7556}") = "TN.Azure.EventHub", "TN.Azure.EventHub\TN.Azure.EventHub.csproj", "{F9AF71D5-22DC-4479-8073-D142708A874A}"
EndProject
Project("{9A19103F-16F7-4668-BE54-9A1E7A4F7556}") = "TN.Azure.EventGrid", "TN.Azure.EventGrid\TN.Azure.EventGrid.csproj", "{E0D7B25A-B229-48F6-A8F3-960DAF9E5C06}"
EndProject
Project("{9A19103F-16F7-4668-BE54-9A1E7A4F7556}") = "TN.Azure.ServiceBus", "TN.Azure.ServiceBus\TN.Azure.ServiceBus.csproj", "{407E0AF4-628B-4391-8EFA-22509399A23E}"
EndProject
Project("{9A19103F-16F7-4668-BE54-9A1E7A4F7556}") = "TN.Azure.Storage", "TN.Azure.Storage\TN.Azure.Storage.csproj", "{B4BE4154-BA87-4E8C-BFFB-8190EE9747C5}"
EndProject
Project("{9A19103F-16F7-4668-BE54-9A1E7A4F7556}") = "TN.Azure.KeyVault", "TN.Azure.KeyVault\TN.Azure.KeyVault.csproj", "{638E8C5D-EA82-4654-9E1E-D4927C50C64F}"
EndProject
Project("{FAE04EC0-301F-11D3-BF4B-00C04F79EFBC}") = "TN.Excel", "TN.Excel\TN.Excel.csproj", "{2BCA63CA-96B6-4E9B-A24D-070D81FA2E63}"
EndProject
Global
	GlobalSection(SolutionConfigurationPlatforms) = preSolution
		Debug|Any CPU = Debug|Any CPU
		Release|Any CPU = Release|Any CPU
	EndGlobalSection
	GlobalSection(ProjectConfigurationPlatforms) = postSolution
		{EE6B22C3-D0D9-4BF4-A804-BAE84239E49B}.Debug|Any CPU.ActiveCfg = Debug|Any CPU
		{EE6B22C3-D0D9-4BF4-A804-BAE84239E49B}.Debug|Any CPU.Build.0 = Debug|Any CPU
		{EE6B22C3-D0D9-4BF4-A804-BAE84239E49B}.Release|Any CPU.ActiveCfg = Release|Any CPU
		{EE6B22C3-D0D9-4BF4-A804-BAE84239E49B}.Release|Any CPU.Build.0 = Release|Any CPU
		{4362A73B-CE27-4D9C-B2C3-86B3A70FB7D4}.Debug|Any CPU.ActiveCfg = Debug|Any CPU
		{4362A73B-CE27-4D9C-B2C3-86B3A70FB7D4}.Debug|Any CPU.Build.0 = Debug|Any CPU
		{4362A73B-CE27-4D9C-B2C3-86B3A70FB7D4}.Release|Any CPU.ActiveCfg = Release|Any CPU
		{4362A73B-CE27-4D9C-B2C3-86B3A70FB7D4}.Release|Any CPU.Build.0 = Release|Any CPU
		{015612B0-3075-4A1C-9882-78056AF84DD6}.Debug|Any CPU.ActiveCfg = Debug|Any CPU
		{015612B0-3075-4A1C-9882-78056AF84DD6}.Debug|Any CPU.Build.0 = Debug|Any CPU
		{015612B0-3075-4A1C-9882-78056AF84DD6}.Release|Any CPU.ActiveCfg = Release|Any CPU
		{015612B0-3075-4A1C-9882-78056AF84DD6}.Release|Any CPU.Build.0 = Release|Any CPU
		{40E3E56E-0F6D-4B7F-B02A-573C2E24F16E}.Debug|Any CPU.ActiveCfg = Debug|Any CPU
		{40E3E56E-0F6D-4B7F-B02A-573C2E24F16E}.Debug|Any CPU.Build.0 = Debug|Any CPU
		{40E3E56E-0F6D-4B7F-B02A-573C2E24F16E}.Release|Any CPU.ActiveCfg = Release|Any CPU
		{40E3E56E-0F6D-4B7F-B02A-573C2E24F16E}.Release|Any CPU.Build.0 = Release|Any CPU
		{F9AF71D5-22DC-4479-8073-D142708A874A}.Debug|Any CPU.ActiveCfg = Debug|Any CPU
		{F9AF71D5-22DC-4479-8073-D142708A874A}.Debug|Any CPU.Build.0 = Debug|Any CPU
		{F9AF71D5-22DC-4479-8073-D142708A874A}.Release|Any CPU.ActiveCfg = Release|Any CPU
		{F9AF71D5-22DC-4479-8073-D142708A874A}.Release|Any CPU.Build.0 = Release|Any CPU
		{E0D7B25A-B229-48F6-A8F3-960DAF9E5C06}.Debug|Any CPU.ActiveCfg = Debug|Any CPU
		{E0D7B25A-B229-48F6-A8F3-960DAF9E5C06}.Debug|Any CPU.Build.0 = Debug|Any CPU
		{E0D7B25A-B229-48F6-A8F3-960DAF9E5C06}.Release|Any CPU.ActiveCfg = Release|Any CPU
		{E0D7B25A-B229-48F6-A8F3-960DAF9E5C06}.Release|Any CPU.Build.0 = Release|Any CPU
		{407E0AF4-628B-4391-8EFA-22509399A23E}.Debug|Any CPU.ActiveCfg = Debug|Any CPU
		{407E0AF4-628B-4391-8EFA-22509399A23E}.Debug|Any CPU.Build.0 = Debug|Any CPU
		{407E0AF4-628B-4391-8EFA-22509399A23E}.Release|Any CPU.ActiveCfg = Release|Any CPU
		{407E0AF4-628B-4391-8EFA-22509399A23E}.Release|Any CPU.Build.0 = Release|Any CPU
		{B4BE4154-BA87-4E8C-BFFB-8190EE9747C5}.Debug|Any CPU.ActiveCfg = Debug|Any CPU
		{B4BE4154-BA87-4E8C-BFFB-8190EE9747C5}.Debug|Any CPU.Build.0 = Debug|Any CPU
		{B4BE4154-BA87-4E8C-BFFB-8190EE9747C5}.Release|Any CPU.ActiveCfg = Release|Any CPU
		{B4BE4154-BA87-4E8C-BFFB-8190EE9747C5}.Release|Any CPU.Build.0 = Release|Any CPU
		{638E8C5D-EA82-4654-9E1E-D4927C50C64F}.Debug|Any CPU.ActiveCfg = Debug|Any CPU
		{638E8C5D-EA82-4654-9E1E-D4927C50C64F}.Debug|Any CPU.Build.0 = Debug|Any CPU
		{638E8C5D-EA82-4654-9E1E-D4927C50C64F}.Release|Any CPU.ActiveCfg = Release|Any CPU
		{638E8C5D-EA82-4654-9E1E-D4927C50C64F}.Release|Any CPU.Build.0 = Release|Any CPU
		{2BCA63CA-96B6-4E9B-A24D-070D81FA2E63}.Debug|Any CPU.ActiveCfg = Debug|Any CPU
		{2BCA63CA-96B6-4E9B-A24D-070D81FA2E63}.Debug|Any CPU.Build.0 = Debug|Any CPU
		{2BCA63CA-96B6-4E9B-A24D-070D81FA2E63}.Release|Any CPU.ActiveCfg = Release|Any CPU
		{2BCA63CA-96B6-4E9B-A24D-070D81FA2E63}.Release|Any CPU.Build.0 = Release|Any CPU
	EndGlobalSection
	GlobalSection(SolutionProperties) = preSolution
		HideSolutionNode = FALSE
	EndGlobalSection
	GlobalSection(ExtensibilityGlobals) = postSolution
		SolutionGuid = {0796B8F4-4032-4DE0-8119-1BE39933A71A}
	EndGlobalSection
EndGlobal
